{
  "name": "erundopel",
  "lockfileVersion": 3,
  "requires": true,
  "packages": {
    "": {
      "name": "erundopel",
      "workspaces": [
        "core",
        "backend",
        "cloudflare",
        "frontend"
      ],
      "devDependencies": {
        "@cloudflare/workers-types": "^5.20261001.1",
        "@types/node": "^24.13.3",
        "@types/ws": "^8.18.1",
        "tsx": "^4.21.0",
        "typescript": "~6.0.2",
        "wrangler": "^4.145.0"
      }
    },
    "backend": {
      "name": "@erundopel/backend",
      "version": "0.0.0",
      "dependencies": {
        "@erundopel/core": "file:../core",
        "ws": "^8.18.3"
      }
    },
    "cloudflare": {
      "name": "@erundopel/cloudflare",
      "version": "0.0.0",
      "dependencies": {
        "@erundopel/core": "file:../core"
      }
    },
    "core": {
      "name": "@erundopel/core",
      "version": "0.0.0"
    },
    "frontend": {
      "version": "0.0.0",
      "dependencies": {
        "@tanstack/react-query": "^5.104.0",
        "react": "^19.2.8",
        "react-dom": "^19.2.8",
        "react-router": "^8.4.0"
      },
      "devDependencies": {
        "@tailwindcss/vite": "^4.3.3",
        "@types/node": "^24.13.3",
        "@types/react": "^19.2.18",
        "@types/react-dom": "^19.2.7",
        "@vitejs/plugin-react": "^6.1.1",
        "oxlint": "^1.81.0",
        "prettier": "^3.9.9",
        "tailwindcss": "^4.3.3",
        "typescript": "~6.0.2",
        "vite": "^8.3.0"
      }
    },
    "frontend/node_modules/@jridgewell/gen-mapping": {
      "version": "0.3.13",
      "dev": true,
      "license": "MIT",
      "dependencies": {
        "@jridgewell/sourcemap-codec": "^1.5.0",
        "@jridgewell/trace-mapping": "^0.3.24"
      }
    },
    "frontend/node_modules/@jridgewell/remapping": {
      "version": "2.3.5",
      "dev": true,
      "license": "MIT",
      "dependencies": {
        "@jridgewell/gen-mapping": "^0.3.5",
        "@jridgewell/trace-mapping": "^0.3.24"
      }
    },
    "frontend/node_modules/@jridgewell/trace-mapping": {
      "version": "0.3.31",
      "dev": true,
      "license": "MIT",
      "dependencies": {
        "@jridgewell/resolve-uri": "^3.1.0",
        "@jridgewell/sourcemap-codec": "^1.4.14"
      }
    },
    "frontend/node_modules/@oxc-project/types": {
      "version": "0.152.0",
      "dev": true,
      "license": "MIT",
      "funding": {
        "url": "https://github.com/sponsors/oxc-project"
      }
    },
    "frontend/node_modules/@oxlint/binding-darwin-arm64": {
      "version": "1.86.0",
      "cpu": [
        "arm64"
      ],
      "dev": true,
      "license": "MIT",
      "optional": true,
      "os": [
        "darwin"
      ],
      "engines": {
        "node": "^20.19.0 || >=22.12.0"
      }
    },
    "frontend/node_modules/@remix-run/route-pattern": {
      "version": "0.22.1",
      "license": "MIT"
    },
    "frontend/node_modules/@rolldown/binding-darwin-arm64": {
      "version": "1.2.12",
      "cpu": [
        "arm64"
      ],
      "dev": true,
      "license": "MIT",
      "optional": true,
      "os": [
        "darwin"
      ],
      "engines": {
        "node": "^20.19.0 || >=22.12.0"
      }
    },
    "frontend/node_modules/@rolldown/pluginutils": {
      "version": "1.0.1",
      "dev": true,
      "license": "MIT"
    },
    "frontend/node_modules/@tailwindcss/node": {
      "version": "4.3.3",
      "dev": true,
      "license": "MIT",
      "dependencies": {
        "@jridgewell/remapping": "^2.3.5",
        "enhanced-resolve": "^5.24.1",
        "jiti": "^2.7.0",
        "lightningcss": "1.32.0",
        "magic-string": "^0.30.21",
        "source-map-js": "^1.2.1",
        "tailwindcss": "4.3.3"
      }
    },
    "frontend/node_modules/@tailwindcss/node/node_modules/lightningcss": {
      "version": "1.32.0",
      "dev": true,
      "license": "MPL-2.0",
      "dependencies": {
        "detect-libc": "^2.0.3"
      },
      "engines": {
        "node": ">= 12.0.0"
      },
      "funding": {
        "type": "opencollective",
        "url": "https://opencollective.com/parcel"
      },
      "optionalDependencies": {
        "lightningcss-android-arm64": "1.32.0",
        "lightningcss-darwin-arm64": "1.32.0",
        "lightningcss-darwin-x64": "1.32.0",
        "lightningcss-freebsd-x64": "1.32.0",
        "lightningcss-linux-arm-gnueabihf": "1.32.0",
        "lightningcss-linux-arm64-gnu": "1.32.0",
        "lightningcss-linux-arm64-musl": "1.32.0",
        "lightningcss-linux-x64-gnu": "1.32.0",
        "lightningcss-linux-x64-musl": "1.32.0",
        "lightningcss-win32-arm64-msvc": "1.32.0",
        "lightningcss-win32-x64-msvc": "1.32.0"
      }
    },
    "frontend/node_modules/@tailwindcss/node/node_modules/lightningcss-darwin-arm64": {
      "version": "1.32.0",
      "cpu": [
        "arm64"
      ],
      "dev": true,
      "license": "MPL-2.0",
      "optional": true,
      "os": [
        "darwin"
      ],
      "engines": {
        "node": ">= 12.0.0"
      },
      "funding": {
        "type": "opencollective",
        "url": "https://opencollective.com/parcel"
      }
    },
    "frontend/node_modules/@tailwindcss/oxide": {
      "version": "4.3.3",
      "dev": true,
      "license": "MIT",
      "engines": {
        "node": ">= 20"
      },
      "optionalDependencies": {
        "@tailwindcss/oxide-android-arm64": "4.3.3",
        "@tailwindcss/oxide-darwin-arm64": "4.3.3",
        "@tailwindcss/oxide-darwin-x64": "4.3.3",
        "@tailwindcss/oxide-freebsd-x64": "4.3.3",
        "@tailwindcss/oxide-linux-arm-gnueabihf": "4.3.3",
        "@tailwindcss/oxide-linux-arm64-gnu": "4.3.3",
        "@tailwindcss/oxide-linux-arm64-musl": "4.3.3",
        "@tailwindcss/oxide-linux-x64-gnu": "4.3.3",
        "@tailwindcss/oxide-linux-x64-musl": "4.3.3",
        "@tailwindcss/oxide-wasm32-wasi": "4.3.3",
        "@tailwindcss/oxide-win32-arm64-msvc": "4.3.3",
        "@tailwindcss/oxide-win32-x64-msvc": "4.3.3"
      }
    },
    "frontend/node_modules/@tailwindcss/oxide-darwin-arm64": {
      "version": "4.3.3",
      "cpu": [
        "arm64"
      ],
      "dev": true,
      "license": "MIT",
      "optional": true,
      "os": [
        "darwin"
      ],
      "engines": {
        "node": ">= 20"
      }
    },
    "frontend/node_modules/@tailwindcss/vite": {
      "version": "4.3.3",
      "dev": true,
      "license": "MIT",
      "dependencies": {
        "@tailwindcss/node": "4.3.3",
        "@tailwindcss/oxide": "4.3.3",
        "tailwindcss": "4.3.3"
      },
      "peerDependencies": {
        "vite": "^5.2.0 || ^6 || ^7 || ^8"
      }
    },
    "frontend/node_modules/@tanstack/query-core": {
      "version": "5.104.0",
      "license": "MIT",
      "funding": {
        "type": "github",
        "url": "https://github.com/sponsors/tannerlinsley"
      }
    },
    "frontend/node_modules/@tanstack/react-query": {
      "version": "5.104.0",
      "license": "MIT",
      "dependencies": {
        "@tanstack/query-core": "5.104.0"
      },
      "funding": {
        "type": "github",
        "url": "https://github.com/sponsors/tannerlinsley"
      },
      "peerDependencies": {
        "react": "^18 || ^19"
      }
    },
    "frontend/node_modules/@types/react": {
      "version": "19.3.0",
      "dev": true,
      "license": "MIT",
      "dependencies": {
        "csstype": "^3.2.2"
      }
    },
    "frontend/node_modules/@types/react-dom": {
      "version": "19.3.0",
      "dev": true,
      "license": "MIT",
      "peerDependencies": {
        "@types/react": "^19.3.0"
      }
    },
    "frontend/node_modules/@vitejs/plugin-react": {
      "version": "6.1.1",
      "dev": true,
      "license": "MIT",
      "dependencies": {
        "@rolldown/pluginutils": "^1.0.1"
      },
      "engines": {
        "node": "^20.19.0 || >=22.12.0"
      },
      "peerDependencies": {
        "@rolldown/plugin-babel": "^0.1.7 || ^0.2.0",
        "babel-plugin-react-compiler": "^1.0.0",
        "oxc-transform-react": "^0.145.0",
        "vite": "^8.0.0"
      },
      "peerDependenciesMeta": {
        "@rolldown/plugin-babel": {
          "optional": true
        },
        "babel-plugin-react-compiler": {
          "optional": true
        },
        "oxc-transform-react": {
          "optional": true
        }
      }
    },
    "frontend/node_modules/cookie-es": {
      "version": "3.1.1",
      "license": "MIT"
    },
    "frontend/node_modules/csstype": {
      "version": "3.2.3",
      "dev": true,
      "license": "MIT"
    },
    "frontend/node_modules/enhanced-resolve": {
      "version": "5.26.0",
      "dev": true,
      "license": "MIT",
      "dependencies": {
        "graceful-fs": "^4.2.4",
        "tapable": "^2.3.3"
      },
      "engines": {
        "node": ">=10.13.0"
      }
    },
    "frontend/node_modules/fdir": {
      "version": "6.5.0",
      "dev": true,
      "license": "MIT",
      "engines": {
        "node": ">=12.0.0"
      },
      "peerDependencies": {
        "picomatch": "^3 || ^4"
      },
      "peerDependenciesMeta": {
        "picomatch": {
          "optional": true
        }
      }
    },
    "frontend/node_modules/graceful-fs": {
      "version": "4.2.11",
      "dev": true,
      "license": "ISC"
    },
    "frontend/node_modules/jiti": {
      "version": "2.7.0",
      "dev": true,
      "license": "MIT",
      "bin": {
        "jiti": "lib/jiti-cli.mjs"
      }
    },
    "frontend/node_modules/lightningcss": {
      "version": "1.33.0",
      "dev": true,
      "license": "MPL-2.0",
      "dependencies": {
        "detect-libc": "^2.0.3"
      },
      "engines": {
        "node": ">= 12.0.0"
      },
      "funding": {
        "type": "opencollective",
        "url": "https://opencollective.com/parcel"
      },
      "optionalDependencies": {
        "lightningcss-android-arm64": "1.33.0",
        "lightningcss-darwin-arm64": "1.33.0",
        "lightningcss-darwin-x64": "1.33.0",
        "lightningcss-freebsd-x64": "1.33.0",
        "lightningcss-linux-arm-gnueabihf": "1.33.0",
        "lightningcss-linux-arm64-gnu": "1.33.0",
        "lightningcss-linux-arm64-musl": "1.33.0",
        "lightningcss-linux-x64-gnu": "1.33.0",
        "lightningcss-linux-x64-musl": "1.33.0",
        "lightningcss-win32-arm64-msvc": "1.33.0",
        "lightningcss-win32-x64-msvc": "1.33.0"
      }
    },
    "frontend/node_modules/lightningcss-darwin-arm64": {
      "version": "1.33.0",
      "cpu": [
        "arm64"
      ],
      "dev": true,
      "license": "MPL-2.0",
      "optional": true,
      "os": [
        "darwin"
      ],
      "engines": {
        "node": ">= 12.0.0"
      },
      "funding": {
        "type": "opencollective",
        "url": "https://opencollective.com/parcel"
      }
    },
    "frontend/node_modules/magic-string": {
      "version": "0.30.21",
      "dev": true,
      "license": "MIT",
      "dependencies": {
        "@jridgewell/sourcemap-codec": "^1.5.5"
      }
    },
    "frontend/node_modules/nanoid": {
      "version": "3.3.19",
      "dev": true,
      "funding": [
        {
          "type": "github",
          "url": "https://github.com/sponsors/ai"
        }
      ],
      "license": "MIT",
      "bin": {
        "nanoid": "bin/nanoid.cjs"
      },
      "engines": {
        "node": "^10 || ^12 || ^13.7 || ^14 || >=15.0.1"
      }
    },
    "frontend/node_modules/oxlint": {
      "version": "1.86.0",
      "dev": true,
      "license": "MIT",
      "bin": {
        "oxlint": "bin/oxlint"
      },
      "engines": {
        "node": "^20.19.0 || >=22.12.0"
      },
      "funding": {
        "url": "https://github.com/sponsors/oxc-project"
      },
      "optionalDependencies": {
        "@oxlint/binding-android-arm-eabi": "1.86.0",
        "@oxlint/binding-android-arm64": "1.86.0",
        "@oxlint/binding-darwin-arm64": "1.86.0",
        "@oxlint/binding-darwin-x64": "1.86.0",
        "@oxlint/binding-freebsd-x64": "1.86.0",
        "@oxlint/binding-linux-arm-gnueabihf": "1.86.0",
        "@oxlint/binding-linux-arm-musleabihf": "1.86.0",
        "@oxlint/binding-linux-arm64-gnu": "1.86.0",
        "@oxlint/binding-linux-arm64-musl": "1.86.0",
        "@oxlint/binding-linux-ppc64-gnu": "1.86.0",
        "@oxlint/binding-linux-riscv64-gnu": "1.86.0",
        "@oxlint/binding-linux-riscv64-musl": "1.86.0",
        "@oxlint/binding-linux-s390x-gnu": "1.86.0",
        "@oxlint/binding-linux-x64-gnu": "1.86.0",
        "@oxlint/binding-linux-x64-musl": "1.86.0",
        "@oxlint/binding-openharmony-arm64": "1.86.0",
        "@oxlint/binding-win32-arm64-msvc": "1.86.0",
        "@oxlint/binding-win32-ia32-msvc": "1.86.0",
        "@oxlint/binding-win32-x64-msvc": "1.86.0"
      },
      "peerDependencies": {
        "oxlint-tsgolint": ">=7.0.2003",
        "vite-plus": "*"
      },
      "peerDependenciesMeta": {
        "oxlint-tsgolint": {
          "optional": true
        },
        "vite-plus": {
          "optional": true
        }
      }
    },
    "frontend/node_modules/picocolors": {
      "version": "1.1.1",
      "dev": true,
      "license": "ISC"
    },
    "frontend/node_modules/picomatch": {
      "version": "4.0.7",
      "dev": true,
      "license": "MIT",
      "engines": {
        "node": ">=12"
      },
      "funding": {
        "url": "https://github.com/sponsors/jonschlinkert"
      }
    },
    "frontend/node_modules/postcss": {
      "version": "8.5.28",
      "dev": true,
      "funding": [
        {
          "type": "opencollective",
          "url": "https://opencollective.com/postcss/"
        },
        {
          "type": "tidelift",
          "url": "https://tidelift.com/funding/github/npm/postcss"
        },
        {
          "type": "github",
          "url": "https://github.com/sponsors/ai"
        }
      ],
      "license": "MIT",
      "dependencies": {
        "nanoid": "^3.3.18",
        "picocolors": "^1.1.1",
        "source-map-js": "^1.2.1"
      },
      "engines": {
        "node": "^10 || ^12 || >=14"
      }
    },
    "frontend/node_modules/prettier": {
      "version": "3.9.9",
      "dev": true,
      "license": "MIT",
      "bin": {
        "prettier": "bin/prettier.cjs"
      },
      "engines": {
        "node": ">=14"
      },
      "funding": {
        "url": "https://github.com/prettier/prettier?sponsor=1"
      }
    },
    "frontend/node_modules/react": {
      "version": "19.3.0",
      "license": "MIT",
      "engines": {
        "node": ">=0.10.0"
      }
    },
    "frontend/node_modules/react-dom": {
      "version": "19.3.0",
      "license": "MIT",
      "dependencies": {
        "scheduler": "^0.28.0"
      },
      "peerDependencies": {
        "react": "^19.3.0"
      }
    },
    "frontend/node_modules/react-router": {
      "version": "8.4.0",
      "license": "MIT",
      "dependencies": {
        "@remix-run/route-pattern": "^0.22.1",
        "cookie-es": "^3.1.1"
      },
      "engines": {
        "node": ">=22.22.0"
      },
      "peerDependencies": {
        "react": ">=19.2.7",
        "react-dom": ">=19.2.7"
      },
      "peerDependenciesMeta": {
        "react-dom": {
          "optional": true
        }
      }
    },
    "frontend/node_modules/rolldown": {
      "version": "1.2.12",
      "dev": true,
      "license": "MIT",
      "dependencies": {
        "@oxc-project/types": "=0.152.0",
        "@rolldown/pluginutils": "^1.0.0"
      },
      "bin": {
        "rolldown": "bin/cli.mjs"
      },
      "engines": {
        "node": "^20.19.0 || >=22.12.0"
      },
      "optionalDependencies": {
        "@rolldown/binding-android-arm-eabi": "1.2.12",
        "@rolldown/binding-android-arm64": "1.2.12",
        "@rolldown/binding-darwin-arm64": "1.2.12",
        "@rolldown/binding-darwin-x64": "1.2.12",
        "@rolldown/binding-freebsd-x64": "1.2.12",
        "@rolldown/binding-linux-arm-gnueabihf": "1.2.12",
        "@rolldown/binding-linux-arm64-gnu": "1.2.12",
        "@rolldown/binding-linux-arm64-musl": "1.2.12",
        "@rolldown/binding-linux-ppc64-gnu": "1.2.12",
        "@rolldown/binding-linux-s390x-gnu": "1.2.12",
        "@rolldown/binding-linux-x64-gnu": "1.2.12",
        "@rolldown/binding-linux-x64-musl": "1.2.12",
        "@rolldown/binding-openharmony-arm64": "1.2.12",
        "@rolldown/binding-win32-arm64-msvc": "1.2.12",
        "@rolldown/binding-win32-x64-msvc": "1.2.12"
      }
    },
    "frontend/node_modules/scheduler": {
      "version": "0.28.0",
      "license": "MIT"
    },
    "frontend/node_modules/source-map-js": {
      "version": "1.2.2",
      "dev": true,
      "license": "BSD-3-Clause",
      "engines": {
        "node": ">=0.10.0"
      }
    },
    "frontend/node_modules/tailwindcss": {
      "version": "4.3.3",
      "dev": true,
      "license": "MIT"
    },
    "frontend/node_modules/tapable": {
      "version": "2.3.3",
      "dev": true,
      "license": "MIT",
      "engines": {
        "node": ">=6"
      },
      "funding": {
        "type": "opencollective",
        "url": "https://opencollective.com/webpack"
      }
    },
    "frontend/node_modules/tinyglobby": {
      "version": "0.2.17",
      "dev": true,
      "license": "MIT",
      "dependencies": {
        "fdir": "^6.5.0",
        "picomatch": "^4.0.4"
      },
      "engines": {
        "node": ">=12.0.0"
      },
      "funding": {
        "url": "https://github.com/sponsors/SuperchupuDev"
      }
    },
    "frontend/node_modules/vite": {
      "version": "8.3.1",
      "dev": true,
      "license": "MIT",
      "dependencies": {
        "lightningcss": "^1.33.0",
        "picomatch": "^4.0.7",
        "postcss": "^8.5.28",
        "rolldown": "~1.2.9",
        "tinyglobby": "^0.2.17"
      },
      "bin": {
        "vite": "bin/vite.js"
      },
      "engines": {
        "node": "^20.19.0 || >=22.12.0"
      },
      "funding": {
        "url": "https://github.com/vitejs/vite?sponsor=1"
      },
      "optionalDependencies": {
        "fsevents": "~2.3.3"
      },
      "peerDependencies": {
        "@types/node": "^20.19.0 || >=22.12.0",
        "@vitejs/devtools": "^0.7.1",
        "esbuild": "^0.27.0 || ^0.28.0",
        "jiti": ">=1.21.0",
        "less": "^4.0.0",
        "sass": "^1.70.0",
        "sass-embedded": "^1.70.0",
        "stylus": ">=0.54.8",
        "sugarss": "^5.0.0",
        "terser": "^5.16.0",
        "tsx": "^4.8.1",
        "yaml": "^2.4.2"
      },
      "peerDependenciesMeta": {
        "@types/node": {
          "optional": true
        },
        "@vitejs/devtools": {
          "optional": true
        },
        "esbuild": {
          "optional": true
        },
        "jiti": {
          "optional": true
        },
        "less": {
          "optional": true
        },
        "sass": {
          "optional": true
        },
        "sass-embedded": {
          "optional": true
        },
        "stylus": {
          "optional": true
        },
        "sugarss": {
          "optional": true
        },
        "terser": {
          "optional": true
        },
        "tsx": {
          "optional": true
        },
        "yaml": {
          "optional": true
        }
      }
    },
    "node_modules/@cloudflare/kv-asset-handler": {
      "version": "0.5.0",
      "dev": true,
      "license": "MIT OR Apache-2.0",
      "engines": {
        "node": ">=22.0.0"
      }
    },
    "node_modules/@cloudflare/unenv-preset": {
      "version": "2.16.2",
      "dev": true,
      "license": "MIT OR Apache-2.0",
      "peerDependencies": {
        "unenv": "2.0.0-rc.24",
        "workerd": ">1.20260305.0 <2.0.0-0"
      },
      "peerDependenciesMeta": {
        "workerd": {
          "optional": true
        }
      }
    },
    "node_modules/@cloudflare/workerd-darwin-arm64": {
      "version": "1.20260930.2",
      "cpu": [
        "arm64"
      ],
      "dev": true,
      "license": "Apache-2.0",
      "optional": true,
      "os": [
        "darwin"
      ],
      "engines": {
        "node": ">=16"
      }
    },
    "node_modules/@cloudflare/workers-types": {
      "version": "5.20261001.1",
      "dev": true,
      "license": "MIT OR Apache-2.0"
    },
    "node_modules/@cspotcode/source-map-support": {
      "version": "0.8.1",
      "dev": true,
      "license": "MIT",
      "dependencies": {
        "@jridgewell/trace-mapping": "0.3.9"
      },
      "engines": {
        "node": ">=12"
      }
    },
    "node_modules/@erundopel/backend": {
      "resolved": "backend",
      "link": true
    },
    "node_modules/@erundopel/cloudflare": {
      "resolved": "cloudflare",
      "link": true
    },
    "node_modules/@erundopel/core": {
      "resolved": "core",
      "link": true
    },
    "node_modules/@esbuild/darwin-arm64": {
      "version": "0.28.2",
      "cpu": [
        "arm64"
      ],
      "dev": true,
      "license": "MIT",
      "optional": true,
      "os": [
        "darwin"
      ],
      "engines": {
        "node": ">=18"
      }
    },
    "node_modules/@img/colour": {
      "version": "1.1.0",
      "dev": true,
      "license": "MIT",
      "engines": {
        "node": ">=18"
      }
    },
    "node_modules/@img/sharp-darwin-arm64": {
      "version": "0.35.4",
      "cpu": [
        "arm64"
      ],
      "dev": true,
      "license": "Apache-2.0",
      "optional": true,
      "os": [
        "darwin"
      ],
      "engines": {
        "node": ">=20.9.0"
      },
      "funding": {
        "url": "https://opencollective.com/libvips"
      },
      "optionalDependencies": {
        "@img/sharp-libvips-darwin-arm64": "1.3.3"
      }
    },
    "node_modules/@img/sharp-libvips-darwin-arm64": {
      "version": "1.3.3",
      "cpu": [
        "arm64"
      ],
      "dev": true,
      "license": "LGPL-3.0-or-later",
      "optional": true,
      "os": [
        "darwin"
      ],
      "funding": {
        "url": "https://opencollective.com/libvips"
      }
    },
    "node_modules/@jridgewell/resolve-uri": {
      "version": "3.1.2",
      "dev": true,
      "license": "MIT",
      "engines": {
        "node": ">=6.0.0"
      }
    },
    "node_modules/@jridgewell/sourcemap-codec": {
      "version": "1.6.0",
      "dev": true,
      "license": "MIT"
    },
    "node_modules/@jridgewell/trace-mapping": {
      "version": "0.3.9",
      "dev": true,
      "license": "MIT",
      "dependencies": {
        "@jridgewell/resolve-uri": "^3.0.3",
        "@jridgewell/sourcemap-codec": "^1.4.10"
      }
    },
    "node_modules/@poppinss/colors": {
      "version": "4.1.6",
      "dev": true,
      "license": "MIT",
      "dependencies": {
        "kleur": "^4.1.5"
      }
    },
    "node_modules/@poppinss/dumper": {
      "version": "0.6.5",
      "dev": true,
      "license": "MIT",
      "dependencies": {
        "@poppinss/colors": "^4.1.5",
        "@sindresorhus/is": "^7.0.2",
        "supports-color": "^10.0.0"
      }
    },
    "node_modules/@poppinss/exception": {
      "version": "1.2.3",
      "dev": true,
      "license": "MIT"
    },
    "node_modules/@sindresorhus/is": {
      "version": "7.2.0",
      "dev": true,
      "license": "MIT",
      "engines": {
        "node": ">=18"
      },
      "funding": {
        "url": "https://github.com/sindresorhus/is?sponsor=1"
      }
    },
    "node_modules/@speed-highlight/core": {
      "version": "1.2.24",
      "dev": true,
      "license": "CC0-1.0"
    },
    "node_modules/@types/node": {
      "version": "24.19.0",
      "dev": true,
      "license": "MIT",
      "dependencies": {
        "undici-types": ">=7.24.0 <7.24.7"
      }
    },
    "node_modules/@types/ws": {
      "version": "8.18.2",
      "dev": true,
      "license": "MIT",
      "dependencies": {
        "@types/node": "*"
      }
    },
    "node_modules/blake3-wasm": {
      "version": "2.1.5",
      "dev": true,
      "license": "MIT"
    },
    "node_modules/cookie": {
      "version": "1.1.1",
      "dev": true,
      "license": "MIT",
      "engines": {
        "node": ">=18"
      },
      "funding": {
        "type": "opencollective",
        "url": "https://opencollective.com/express"
      }
    },
    "node_modules/detect-libc": {
      "version": "2.1.2",
      "dev": true,
      "license": "Apache-2.0",
      "engines": {
        "node": ">=8"
      }
    },
    "node_modules/error-stack-parser-es": {
      "version": "1.0.5",
      "dev": true,
      "license": "MIT",
      "funding": {
        "url": "https://github.com/sponsors/antfu"
      }
    },
    "node_modules/esbuild": {
      "version": "0.28.2",
      "dev": true,
      "hasInstallScript": true,
      "license": "MIT",
      "bin": {
        "esbuild": "bin/esbuild"
      },
      "engines": {
        "node": ">=18"
      },
      "optionalDependencies": {
        "@esbuild/aix-ppc64": "0.28.2",
        "@esbuild/android-arm": "0.28.2",
        "@esbuild/android-arm64": "0.28.2",
        "@esbuild/android-x64": "0.28.2",
        "@esbuild/darwin-arm64": "0.28.2",
        "@esbuild/darwin-x64": "0.28.2",
        "@esbuild/freebsd-arm64": "0.28.2",
        "@esbuild/freebsd-x64": "0.28.2",
        "@esbuild/linux-arm": "0.28.2",
        "@esbuild/linux-arm64": "0.28.2",
        "@esbuild/linux-ia32": "0.28.2",
        "@esbuild/linux-loong64": "0.28.2",
        "@esbuild/linux-mips64el": "0.28.2",
        "@esbuild/linux-ppc64": "0.28.2",
        "@esbuild/linux-riscv64": "0.28.2",
        "@esbuild/linux-s390x": "0.28.2",
        "@esbuild/linux-x64": "0.28.2",
        "@esbuild/netbsd-arm64": "0.28.2",
        "@esbuild/netbsd-x64": "0.28.2",
        "@esbuild/openbsd-arm64": "0.28.2",
        "@esbuild/openbsd-x64": "0.28.2",
        "@esbuild/openharmony-arm64": "0.28.2",
        "@esbuild/sunos-x64": "0.28.2",
        "@esbuild/win32-arm64": "0.28.2",
        "@esbuild/win32-ia32": "0.28.2",
        "@esbuild/win32-x64": "0.28.2"
      }
    },
    "node_modules/frontend": {
      "resolved": "frontend",
      "link": true
    },
    "node_modules/fsevents": {
      "version": "2.3.3",
      "dev": true,
      "license": "MIT",
      "optional": true,
      "os": [
        "darwin"
      ],
      "engines": {
        "node": "^8.16.0 || ^10.6.0 || >=11.0.0"
      }
    },
    "node_modules/kleur": {
      "version": "4.1.5",
      "dev": true,
      "license": "MIT",
      "engines": {
        "node": ">=6"
      }
    },
    "node_modules/miniflare": {
      "version": "5.20260930.0-alpha",
      "dev": true,
      "license": "MIT",
      "dependencies": {
        "@cspotcode/source-map-support": "0.8.1",
        "sharp": "0.35.4",
        "undici": "7.29.1",
        "workerd": "1.20260930.2",
        "ws": "8.21.0",
        "youch": "4.1.0-beta.10"
      },
      "engines": {
        "node": ">=22.0.0"
      }
    },
    "node_modules/path-to-regexp": {
      "version": "6.3.0",
      "dev": true,
      "license": "MIT"
    },
    "node_modules/pathe": {
      "version": "2.0.3",
      "dev": true,
      "license": "MIT"
    },
    "node_modules/semver": {
      "version": "7.8.5",
      "dev": true,
      "license": "ISC",
      "bin": {
        "semver": "bin/semver.js"
      },
      "engines": {
        "node": ">=10"
      }
    },
    "node_modules/sharp": {
      "version": "0.35.4",
      "dev": true,
      "license": "Apache-2.0",
      "dependencies": {
        "@img/colour": "^1.1.0",
        "detect-libc": "^2.1.2",
        "semver": "^7.8.5"
      },
      "engines": {
        "node": ">=20.9.0"
      },
      "funding": {
        "url": "https://opencollective.com/libvips"
      },
      "optionalDependencies": {
        "@img/sharp-darwin-arm64": "0.35.4",
        "@img/sharp-darwin-x64": "0.35.4",
        "@img/sharp-freebsd-wasm32": "0.35.4",
        "@img/sharp-libvips-darwin-arm64": "1.3.3",
        "@img/sharp-libvips-darwin-x64": "1.3.3",
        "@img/sharp-libvips-linux-arm": "1.3.3",
        "@img/sharp-libvips-linux-arm64": "1.3.3",
        "@img/sharp-libvips-linux-ppc64": "1.3.3",
        "@img/sharp-libvips-linux-riscv64": "1.3.3",
        "@img/sharp-libvips-linux-s390x": "1.3.3",
        "@img/sharp-libvips-linux-x64": "1.3.3",
        "@img/sharp-libvips-linuxmusl-arm64": "1.3.3",
        "@img/sharp-libvips-linuxmusl-x64": "1.3.3",
        "@img/sharp-linux-arm": "0.35.4",
        "@img/sharp-linux-arm64": "0.35.4",
        "@img/sharp-linux-ppc64": "0.35.4",
        "@img/sharp-linux-riscv64": "0.35.4",
        "@img/sharp-linux-s390x": "0.35.4",
        "@img/sharp-linux-x64": "0.35.4",
        "@img/sharp-linuxmusl-arm64": "0.35.4",
        "@img/sharp-linuxmusl-x64": "0.35.4",
        "@img/sharp-webcontainers-wasm32": "0.35.4",
        "@img/sharp-win32-arm64": "0.35.4",
        "@img/sharp-win32-ia32": "0.35.4",
        "@img/sharp-win32-x64": "0.35.4"
      },
      "peerDependenciesMeta": {
        "@types/node": {
          "optional": true
        }
      }
    },
    "node_modules/supports-color": {
      "version": "10.2.2",
      "dev": true,
      "license": "MIT",
      "engines": {
        "node": ">=18"
      },
      "funding": {
        "url": "https://github.com/chalk/supports-color?sponsor=1"
      }
    },
    "node_modules/tsx": {
      "version": "4.23.15",
      "dev": true,
      "license": "MIT",
      "dependencies": {
        "esbuild": "~0.28.0"
      },
      "bin": {
        "tsx": "dist/cli.mjs"
      },
      "engines": {
        "node": ">=18.0.0"
      },
      "optionalDependencies": {
        "fsevents": "~2.3.3"
      }
    },
    "node_modules/typescript": {
      "version": "6.0.3",
      "dev": true,
      "license": "Apache-2.0",
      "bin": {
        "tsc": "bin/tsc",
        "tsserver": "bin/tsserver"
      },
      "engines": {
        "node": ">=14.17"
      }
    },
    "node_modules/undici": {
      "version": "7.29.1",
      "dev": true,
      "license": "MIT",
      "engines": {
        "node": ">=20.18.1"
      }
    },
    "node_modules/undici-types": {
      "version": "7.24.6",
      "dev": true,
      "license": "MIT"
    },
    "node_modules/unenv": {
      "version": "2.0.0-rc.24",
      "dev": true,
      "license": "MIT",
      "dependencies": {
        "pathe": "^2.0.3"
      }
    },
    "node_modules/workerd": {
      "version": "1.20260930.2",
      "dev": true,
      "hasInstallScript": true,
      "license": "Apache-2.0",
      "bin": {
        "workerd": "bin/workerd"
      },
      "engines": {
        "node": ">=16"
      },
      "optionalDependencies": {
        "@cloudflare/workerd-darwin-64": "1.20260930.2",
        "@cloudflare/workerd-darwin-arm64": "1.20260930.2",
        "@cloudflare/workerd-linux-64": "1.20260930.2",
        "@cloudflare/workerd-linux-arm64": "1.20260930.2",
        "@cloudflare/workerd-windows-64": "1.20260930.2"
      }
    },
    "node_modules/wrangler": {
      "version": "4.145.0",
      "dev": true,
      "license": "MIT OR Apache-2.0",
      "dependencies": {
        "@cloudflare/kv-asset-handler": "0.5.0",
        "@cloudflare/unenv-preset": "2.16.2",
        "blake3-wasm": "2.1.5",
        "esbuild": "0.28.1",
        "miniflare": "5.20260930.0-alpha",
        "path-to-regexp": "6.3.0",
        "unenv": "2.0.0-rc.24",
        "workerd": "1.20260930.2"
      },
      "bin": {
        "cf-wrangler": "bin/cf-wrangler.js",
        "wrangler": "bin/wrangler.js",
        "wrangler2": "bin/wrangler.js"
      },
      "engines": {
        "node": ">=22.0.0"
      },
      "optionalDependencies": {
        "fsevents": "2.3.3"
      },
      "peerDependencies": {
        "@cloudflare/workers-types": "^5.20260930.2"
      },
      "peerDependenciesMeta": {
        "@cloudflare/workers-types": {
          "optional": true
        }
      }
    },
    "node_modules/wrangler/node_modules/@esbuild/darwin-arm64": {
      "version": "0.28.1",
      "cpu": [
        "arm64"
      ],
      "dev": true,
      "license": "MIT",
      "optional": true,
      "os": [
        "darwin"
      ],
      "engines": {
        "node": ">=18"
      }
    },
    "node_modules/wrangler/node_modules/esbuild": {
      "version": "0.28.1",
      "dev": true,
      "hasInstallScript": true,
      "license": "MIT",
      "bin": {
        "esbuild": "bin/esbuild"
      },
      "engines": {
        "node": ">=18"
      },
      "optionalDependencies": {
        "@esbuild/aix-ppc64": "0.28.1",
        "@esbuild/android-arm": "0.28.1",
        "@esbuild/android-arm64": "0.28.1",
        "@esbuild/android-x64": "0.28.1",
        "@esbuild/darwin-arm64": "0.28.1",
        "@esbuild/darwin-x64": "0.28.1",
        "@esbuild/freebsd-arm64": "0.28.1",
        "@esbuild/freebsd-x64": "0.28.1",
        "@esbuild/linux-arm": "0.28.1",
        "@esbuild/linux-arm64": "0.28.1",
        "@esbuild/linux-ia32": "0.28.1",
        "@esbuild/linux-loong64": "0.28.1",
        "@esbuild/linux-mips64el": "0.28.1",
        "@esbuild/linux-ppc64": "0.28.1",
        "@esbuild/linux-riscv64": "0.28.1",
        "@esbuild/linux-s390x": "0.28.1",
        "@esbuild/linux-x64": "0.28.1",
        "@esbuild/netbsd-arm64": "0.28.1",
        "@esbuild/netbsd-x64": "0.28.1",
        "@esbuild/openbsd-arm64": "0.28.1",
        "@esbuild/openbsd-x64": "0.28.1",
        "@esbuild/openharmony-arm64": "0.28.1",
        "@esbuild/sunos-x64": "0.28.1",
        "@esbuild/win32-arm64": "0.28.1",
        "@esbuild/win32-ia32": "0.28.1",
        "@esbuild/win32-x64": "0.28.1"
      }
    },
    "node_modules/ws": {
      "version": "8.21.0",
      "license": "MIT",
      "engines": {
        "node": ">=10.0.0"
      },
      "peerDependencies": {
        "bufferutil": "^4.0.1",
        "utf-8-validate": ">=5.0.2"
      },
      "peerDependenciesMeta": {
        "bufferutil": {
          "optional": true
        },
        "utf-8-validate": {
          "optional": true
        }
      }
    },
    "node_modules/youch": {
      "version": "4.1.0-beta.10",
      "dev": true,
      "license": "MIT",
      "dependencies": {
        "@poppinss/colors": "^4.1.5",
        "@poppinss/dumper": "^0.6.4",
        "@speed-highlight/core": "^1.2.7",
        "cookie": "^1.0.2",
        "youch-core": "^0.3.3"
      }
    },
    "node_modules/youch-core": {
      "version": "0.3.3",
      "dev": true,
      "license": "MIT",
      "dependencies": {
        "@poppinss/exception": "^1.2.2",
        "error-stack-parser-es": "^1.0.5"
      }
    }
  }
}
